lockfileVersion: 1
generatedAt: 2026-05-05T06:35:03.989Z
importers:
  .:
    specifiers:
      arcadia-eternity.base: workspace:@arcadia-eternity/data-pack-base#pack.json
    dependencies:
      arcadia-eternity.base:
        specifier: workspace:@arcadia-eternity/data-pack-base#pack.json
        version: 1.0.0
        packageKey: /arcadia-eternity.base@1.0.0
packages:
  /arcadia-eternity.base@1.0.0:
    name: arcadia-eternity.base
    version: 1.0.0
    kind: data
    engine: seer2-v2
    source: workspace:@arcadia-eternity/data-pack-base#pack.json
    entry: pack.json
    provenance: workspace
    resolution:
      integrity: sha512-MOj1LmoNDEUZMj7L+RP8ZzSTvR1biABQy1ntgBs1p2LSQFkq+Ilvp0U71RwlCdLOsIONvNxDHnCMA226z7ZnUw==
      path: /Users/yuuinih/GitHub/test_battle/packs/base/pack.json
    dependencies:
      arcadia-eternity.base-assets: /arcadia-eternity.base-assets@1.0.0
  /arcadia-eternity.base-assets@1.0.0:
    name: arcadia-eternity.base-assets
    version: 1.0.0
    kind: asset
    engine: seer2-v2
    source: workspace:@arcadia-eternity/data-pack-base#assets/assets.json
    entry: assets.json
    provenance: workspace
    resolution:
      integrity: sha512-kwM42BXHjJdaTjevE10YHHePGzWfd+zEnH7yfejC+BmSZQGRWVZPSNtvKBFYqBw/jIt9mnGF/7dtpMucvTPScg==
      path: /Users/yuuinih/GitHub/test_battle/packs/base/assets/assets.json
    dependencies: {}
